
Microsoft Visual Studio Solution File, Format Version 12.00
# Visual Studio Version 17
VisualStudioVersion = 17.14.36623.8 d17.14
MinimumVisualStudioVersion = 10.0.40219.1
Project("{FAE04EC0-301F-11D3-BF4B-00C04F79EFBC}") = "NumberSystemConverterApp", "NumberSystemConverterApp\NumberSystemConverterApp.csproj", "{F7D35779-455D-4E9F-B0D1-6441C15F56AD}"
EndProject
Global
	GlobalSection(SolutionConfigurationPlatforms) = preSolution
		Debug|Any CPU = Debug|Any CPU
		Release|Any CPU = Release|Any CPU
	EndGlobalSection
	GlobalSection(ProjectConfigurationPlatforms) = postSolution
		{F7D35779-455D-4E9F-B0D1-6441C15F56AD}.Debug|Any CPU.ActiveCfg = Debug|Any CPU
		{F7D35779-455D-4E9F-B0D1-6441C15F56AD}.Debug|Any CPU.Build.0 = Debug|Any CPU
		{F7D35779-455D-4E9F-B0D1-6441C15F56AD}.Release|Any CPU.ActiveCfg = Release|Any CPU
		{F7D35779-455D-4E9F-B0D1-6441C15F56AD}.Release|Any CPU.Build.0 = Release|Any CPU
	EndGlobalSection
	GlobalSection(SolutionProperties) = preSolution
		HideSolutionNode = FALSE
	EndGlobalSection
	GlobalSection(ExtensibilityGlobals) = postSolution
		SolutionGuid = {FEF54EE9-1B5B-4AC3-BF59-DA0297090529}
	EndGlobalSection
EndGlobal
